
Microsoft Visual Studio Solution File, Format Version 12.00
# Visual Studio 14
VisualStudioVersion = 14.0.24720.0
MinimumVisualStudioVersion = 10.0.40219.1
Project("{FAE04EC0-301F-11D3-BF4B-00C04F79EFBC}") = "PillarVendingMachineTests", "VendingMachineTest\PillarVendingMachineTests.csproj", "{65125DA5-7C8A-4E37-B24B-34C2FADE769E}"
EndProject
Project("{FAE04EC0-301F-11D3-BF4B-00C04F79EFBC}") = "PillarVendingMachine", "VendingMachine\PillarVendingMachine.csproj", "{6C36FB61-169A-4273-B1CF-0CB43DE8F19F}"
EndProject
Global
	GlobalSection(SolutionConfigurationPlatforms) = preSolution
		Debug|Any CPU = Debug|Any CPU
		Release|Any CPU = Release|Any CPU
	EndGlobalSection
	GlobalSection(ProjectConfigurationPlatforms) = postSolution
		{65125DA5-7C8A-4E37-B24B-34C2FADE769E}.Debug|Any CPU.ActiveCfg = Debug|Any CPU
		{65125DA5-7C8A-4E37-B24B-34C2FADE769E}.Debug|Any CPU.Build.0 = Debug|Any CPU
		{65125DA5-7C8A-4E37-B24B-34C2FADE769E}.Release|Any CPU.ActiveCfg = Release|Any CPU
		{65125DA5-7C8A-4E37-B24B-34C2FADE769E}.Release|Any CPU.Build.0 = Release|Any CPU
		{6C36FB61-169A-4273-B1CF-0CB43DE8F19F}.Debug|Any CPU.ActiveCfg = Debug|Any CPU
		{6C36FB61-169A-4273-B1CF-0CB43DE8F19F}.Debug|Any CPU.Build.0 = Debug|Any CPU
		{6C36FB61-169A-4273-B1CF-0CB43DE8F19F}.Release|Any CPU.ActiveCfg = Release|Any CPU
		{6C36FB61-169A-4273-B1CF-0CB43DE8F19F}.Release|Any CPU.Build.0 = Release|Any CPU
	EndGlobalSection
	GlobalSection(SolutionProperties) = preSolution
		HideSolutionNode = FALSE
	EndGlobalSection
EndGlobal
